
Microsoft Visual Studio Solution File, Format Version 12.00
# Visual Studio 15
VisualStudioVersion = 15.0.28307.572
MinimumVisualStudioVersion = 10.0.40219.1
Project("{9A19103F-16F7-4668-BE54-9A1E7A4F7556}") = "ImdtbTests", "ImdtbTests\ImdtbTests.csproj", "{5526BCCF-6FA9-4C4E-A4DE-AB049B551C57}"
EndProject
Project("{9A19103F-16F7-4668-BE54-9A1E7A4F7556}") = "Domain", "Domain\Domain.csproj", "{C275EB2D-481F-40A1-BA80-99A8CB783704}"
EndProject
Project("{2150E333-8FDC-42A3-9474-1A3956D46DE8}") = "Solution Items", "Solution Items", "{564F58A3-E406-4A9E-B47A-85CF460650CA}"
	ProjectSection(SolutionItems) = preProject
		.gitignore = .gitignore
		test.config.example.txt = test.config.example.txt
		test.config.txt = test.config.txt
	EndProjectSection
EndProject
Global
	GlobalSection(SolutionConfigurationPlatforms) = preSolution
		Debug|Any CPU = Debug|Any CPU
		Release|Any CPU = Release|Any CPU
	EndGlobalSection
	GlobalSection(ProjectConfigurationPlatforms) = postSolution
		{5526BCCF-6FA9-4C4E-A4DE-AB049B551C57}.Debug|Any CPU.ActiveCfg = Debug|Any CPU
		{5526BCCF-6FA9-4C4E-A4DE-AB049B551C57}.Debug|Any CPU.Build.0 = Debug|Any CPU
		{5526BCCF-6FA9-4C4E-A4DE-AB049B551C57}.Release|Any CPU.ActiveCfg = Release|Any CPU
		{5526BCCF-6FA9-4C4E-A4DE-AB049B551C57}.Release|Any CPU.Build.0 = Release|Any CPU
		{C275EB2D-481F-40A1-BA80-99A8CB783704}.Debug|Any CPU.ActiveCfg = Debug|Any CPU
		{C275EB2D-481F-40A1-BA80-99A8CB783704}.Debug|Any CPU.Build.0 = Debug|Any CPU
		{C275EB2D-481F-40A1-BA80-99A8CB783704}.Release|Any CPU.ActiveCfg = Release|Any CPU
		{C275EB2D-481F-40A1-BA80-99A8CB783704}.Release|Any CPU.Build.0 = Release|Any CPU
	EndGlobalSection
	GlobalSection(SolutionProperties) = preSolution
		HideSolutionNode = FALSE
	EndGlobalSection
	GlobalSection(ExtensibilityGlobals) = postSolution
		SolutionGuid = {2582F68E-1D04-4B2E-874F-67A4E4FFDB02}
	EndGlobalSection
EndGlobal
